# THIS IS AN AUTOGENERATED FILE. DO NOT EDIT THIS FILE DIRECTLY.
# yarn lockfile v1


bezier-easing@2.1.0:
  version "2.1.0"
  resolved "https://registry.yarnpkg.com/bezier-easing/-/bezier-easing-2.1.0.tgz#c04dfe8b926d6ecaca1813d69ff179b7c2025d86"
  integrity sha1-wE3+i5JtbsrKGBPWn/F5t8ICXYY=

vue-scrollto@^2.20.0:
  version "2.20.0"
  resolved "https://registry.yarnpkg.com/vue-scrollto/-/vue-scrollto-2.20.0.tgz#3ba52239a62710c97003d12d4393f1f3393cd5cc"
  integrity sha512-7i+AGKJTThZnMEkhIPgrZjyAX+fXV7/rGdg+CV283uZZwCxwiMXaBLTmIc5RTA4uwGnT+E6eJle3mXQfM2OD3A==
  dependencies:
    bezier-easing "2.1.0"
